
Microsoft Visual Studio Solution File, Format Version 12.00
# Visual Studio Version 17
VisualStudioVersion = 17.8.34511.84
MinimumVisualStudioVersion = 10.0.40219.1
Project("{FAE04EC0-301F-11D3-BF4B-00C04F79EFBC}") = "WordToPDF", "WordToPDF.csproj", "{6FA98B5D-49B0-4BA0-A435-8EFD63314DBC}"
EndProject
Global
	GlobalSection(SolutionConfigurationPlatforms) = preSolution
		Debug|Any CPU = Debug|Any CPU
		Release|Any CPU = Release|Any CPU
	EndGlobalSection
	GlobalSection(ProjectConfigurationPlatforms) = postSolution
		{6FA98B5D-49B0-4BA0-A435-8EFD63314DBC}.Debug|Any CPU.ActiveCfg = Debug|Any CPU
		{6FA98B5D-49B0-4BA0-A435-8EFD63314DBC}.Debug|Any CPU.Build.0 = Debug|Any CPU
		{6FA98B5D-49B0-4BA0-A435-8EFD63314DBC}.Release|Any CPU.ActiveCfg = Release|Any CPU
		{6FA98B5D-49B0-4BA0-A435-8EFD63314DBC}.Release|Any CPU.Build.0 = Release|Any CPU
	EndGlobalSection
	GlobalSection(SolutionProperties) = preSolution
		HideSolutionNode = FALSE
	EndGlobalSection
	GlobalSection(ExtensibilityGlobals) = postSolution
		SolutionGuid = {D1F79287-646E-4D60-962D-7936D9196B0C}
	EndGlobalSection
EndGlobal
